
Microsoft Visual Studio Solution File, Format Version 12.00
# Visual Studio Version 16
VisualStudioVersion = 16.0.28803.156
MinimumVisualStudioVersion = 10.0.40219.1
Project("{9A19103F-16F7-4668-BE54-9A1E7A4F7556}") = "OdeToFood", "OdeToFood\OdeToFood.csproj", "{8C15F4B3-86EC-4DA0-BDDD-7AED9453E641}"
EndProject
Project("{FAE04EC0-301F-11D3-BF4B-00C04F79EFBC}") = "OdeToFood.Core", "OdeToFood.Core\OdeToFood.Core.csproj", "{3EDB6884-FF12-44E4-8CB1-31FBD21D4E46}"
EndProject
Project("{FAE04EC0-301F-11D3-BF4B-00C04F79EFBC}") = "OdeToFood.Data", "OdeToFood.Data\OdeToFood.Data.csproj", "{61D2A515-EBC2-4FE3-9ADB-62F04AD8714A}"
EndProject
Global
	GlobalSection(SolutionConfigurationPlatforms) = preSolution
		Debug|Any CPU = Debug|Any CPU
		Release|Any CPU = Release|Any CPU
	EndGlobalSection
	GlobalSection(ProjectConfigurationPlatforms) = postSolution
		{8C15F4B3-86EC-4DA0-BDDD-7AED9453E641}.Debug|Any CPU.ActiveCfg = Debug|Any CPU
		{8C15F4B3-86EC-4DA0-BDDD-7AED9453E641}.Debug|Any CPU.Build.0 = Debug|Any CPU
		{8C15F4B3-86EC-4DA0-BDDD-7AED9453E641}.Release|Any CPU.ActiveCfg = Release|Any CPU
		{8C15F4B3-86EC-4DA0-BDDD-7AED9453E641}.Release|Any CPU.Build.0 = Release|Any CPU
		{3EDB6884-FF12-44E4-8CB1-31FBD21D4E46}.Debug|Any CPU.ActiveCfg = Debug|Any CPU
		{3EDB6884-FF12-44E4-8CB1-31FBD21D4E46}.Debug|Any CPU.Build.0 = Debug|Any CPU
		{3EDB6884-FF12-44E4-8CB1-31FBD21D4E46}.Release|Any CPU.ActiveCfg = Release|Any CPU
		{3EDB6884-FF12-44E4-8CB1-31FBD21D4E46}.Release|Any CPU.Build.0 = Release|Any CPU
		{61D2A515-EBC2-4FE3-9ADB-62F04AD8714A}.Debug|Any CPU.ActiveCfg = Debug|Any CPU
		{61D2A515-EBC2-4FE3-9ADB-62F04AD8714A}.Debug|Any CPU.Build.0 = Debug|Any CPU
		{61D2A515-EBC2-4FE3-9ADB-62F04AD8714A}.Release|Any CPU.ActiveCfg = Release|Any CPU
		{61D2A515-EBC2-4FE3-9ADB-62F04AD8714A}.Release|Any CPU.Build.0 = Release|Any CPU
	EndGlobalSection
	GlobalSection(SolutionProperties) = preSolution
		HideSolutionNode = FALSE
	EndGlobalSection
	GlobalSection(ExtensibilityGlobals) = postSolution
		SolutionGuid = {D498C48C-867D-420F-95EB-D955E0B50A71}
	EndGlobalSection
EndGlobal
