
Microsoft Visual Studio Solution File, Format Version 12.00
# Visual Studio 15
VisualStudioVersion = 15.0.28010.2003
MinimumVisualStudioVersion = 10.0.40219.1
Project("{FAE04EC0-301F-11D3-BF4B-00C04F79EFBC}") = "NinjaDomain.DataModel", "NinjaDomain.DataModel\NinjaDomain.DataModel.csproj", "{C5F2C753-51CA-4E48-B837-21974899A513}"
EndProject
Project("{FAE04EC0-301F-11D3-BF4B-00C04F79EFBC}") = "NinjaDomain.Classes", "NinjaDomain.Classes\NinjaDomain.Classes.csproj", "{2B542560-E2BA-4794-920D-FF8DCD8B9F26}"
EndProject
Project("{FAE04EC0-301F-11D3-BF4B-00C04F79EFBC}") = "ConsoleApplication", "ConsoleApplication\ConsoleApplication.csproj", "{EB03D240-EBD1-4573-8469-D382E806AEFB}"
EndProject
Global
	GlobalSection(SolutionConfigurationPlatforms) = preSolution
		Debug|Any CPU = Debug|Any CPU
		Release|Any CPU = Release|Any CPU
	EndGlobalSection
	GlobalSection(ProjectConfigurationPlatforms) = postSolution
		{C5F2C753-51CA-4E48-B837-21974899A513}.Debug|Any CPU.ActiveCfg = Debug|Any CPU
		{C5F2C753-51CA-4E48-B837-21974899A513}.Debug|Any CPU.Build.0 = Debug|Any CPU
		{C5F2C753-51CA-4E48-B837-21974899A513}.Release|Any CPU.ActiveCfg = Release|Any CPU
		{C5F2C753-51CA-4E48-B837-21974899A513}.Release|Any CPU.Build.0 = Release|Any CPU
		{2B542560-E2BA-4794-920D-FF8DCD8B9F26}.Debug|Any CPU.ActiveCfg = Debug|Any CPU
		{2B542560-E2BA-4794-920D-FF8DCD8B9F26}.Debug|Any CPU.Build.0 = Debug|Any CPU
		{2B542560-E2BA-4794-920D-FF8DCD8B9F26}.Release|Any CPU.ActiveCfg = Release|Any CPU
		{2B542560-E2BA-4794-920D-FF8DCD8B9F26}.Release|Any CPU.Build.0 = Release|Any CPU
		{EB03D240-EBD1-4573-8469-D382E806AEFB}.Debug|Any CPU.ActiveCfg = Debug|Any CPU
		{EB03D240-EBD1-4573-8469-D382E806AEFB}.Debug|Any CPU.Build.0 = Debug|Any CPU
		{EB03D240-EBD1-4573-8469-D382E806AEFB}.Release|Any CPU.ActiveCfg = Release|Any CPU
		{EB03D240-EBD1-4573-8469-D382E806AEFB}.Release|Any CPU.Build.0 = Release|Any CPU
	EndGlobalSection
	GlobalSection(SolutionProperties) = preSolution
		HideSolutionNode = FALSE
	EndGlobalSection
	GlobalSection(ExtensibilityGlobals) = postSolution
		SolutionGuid = {40787DB7-CFC1-4B48-984C-6855EAEEF8C9}
	EndGlobalSection
EndGlobal
